
Microsoft Visual Studio Solution File, Format Version 12.00
# Visual Studio 14
VisualStudioVersion = 14.0.23107.0
MinimumVisualStudioVersion = 10.0.40219.1
Project("{FAE04EC0-301F-11D3-BF4B-00C04F79EFBC}") = "Uni Wipe WPF", "Uni Wipe WPF\Uni Wipe WPF.csproj", "{81BCCC5B-26FA-4859-9E1F-D4E6929164D6}"
EndProject
Project("{FAE04EC0-301F-11D3-BF4B-00C04F79EFBC}") = "TaskBarIcon", "TaskBarIcon\TaskBarIcon.csproj", "{3A754017-DBCD-416F-B552-10803D72E106}"
EndProject
Global
	GlobalSection(SolutionConfigurationPlatforms) = preSolution
		Debug|Any CPU = Debug|Any CPU
		Release|Any CPU = Release|Any CPU
	EndGlobalSection
	GlobalSection(ProjectConfigurationPlatforms) = postSolution
		{81BCCC5B-26FA-4859-9E1F-D4E6929164D6}.Debug|Any CPU.ActiveCfg = Debug|Any CPU
		{81BCCC5B-26FA-4859-9E1F-D4E6929164D6}.Debug|Any CPU.Build.0 = Debug|Any CPU
		{81BCCC5B-26FA-4859-9E1F-D4E6929164D6}.Release|Any CPU.ActiveCfg = Release|Any CPU
		{81BCCC5B-26FA-4859-9E1F-D4E6929164D6}.Release|Any CPU.Build.0 = Release|Any CPU
		{3A754017-DBCD-416F-B552-10803D72E106}.Debug|Any CPU.ActiveCfg = Debug|Any CPU
		{3A754017-DBCD-416F-B552-10803D72E106}.Debug|Any CPU.Build.0 = Debug|Any CPU
		{3A754017-DBCD-416F-B552-10803D72E106}.Release|Any CPU.ActiveCfg = Release|Any CPU
		{3A754017-DBCD-416F-B552-10803D72E106}.Release|Any CPU.Build.0 = Release|Any CPU
	EndGlobalSection
	GlobalSection(SolutionProperties) = preSolution
		HideSolutionNode = FALSE
	EndGlobalSection
EndGlobal
